{
    "_meta": {
        "hash": {
            "sha256": "15860e3e6363a5fde5281b7304c50eb7c0e4172102d99e03ef4a24740638d4ed"
        },
        "pipfile-spec": 6,
        "requires": {
            "python_version": "3.7"
        },
        "sources": [
            {
                "name": "pypi",
                "url": "https://pypi.org/simple",
                "verify_ssl": true
            }
        ]
    },
    "default": {
        "apache-beam": {
            "hashes": [
                "sha256:073cb6a5e7a267dc0a0b3142d45ddf62a97d9bf116c5748e8ceb3cb4eede865e",
                "sha256:178ce5ea319e4400306772e9e386b9a45ba9160e6c5524fdb5d286e86d5b6b1e",
                "sha256:263aec958d0397b7cf79be4f3163c956728ae454ab6aa9731b1b22c8161ce3ad",
                "sha256:3b93020ee99888dcff08e8eb4187d8d91f8adc3ef93dfdd8404f39ff20dcd54b",
                "sha256:43df661a74b9d394919a9eea7e177d4e08797519a568952803cfbc885564631c",
                "sha256:4a7482d97c0e5f65f7ae12fd15d32bd29c9d84b140870edc965944866827d2fa",
                "sha256:4ee7fa9d7aa2f8c77a7403ad485f286d1ea0a563c9dd187186702b153bef0fad",
                "sha256:74e1e0244a5467e704b15efbee9a737adf5d89e6407787dededb96e4065c43db",
                "sha256:75f862d563943c0a8d9786dfbfab81890754daf9aeaf6e851fa985908feeb3fa",
                "sha256:93ca3e710adf28669283bedb3b029aa305a9bdf0154fc18dd8c6d6a697ba414a",
                "sha256:943c2eb8c6a64d12ba5ef4519a8284ec4d29af35c4fff5088a3d94420ed64e85",
                "sha256:afb536db6e32fab72443ba20897ce80fceb40f9ed99459c5f93c6f1f73c42897",
                "sha256:b46fe02741babdd042450d784599ef47ad57ef02b17f52976a93af1d51ec7f9c",
                "sha256:d4376566fae5a9016c7fe91bf0d0a22b2a5cff728b932b64b49066b4cabd2d2e",
                "sha256:d7fb5ee623ee414d8bb10fc2b15dfe24fddf82a3dc7d6cd08a9f36eb33c5ff7a"
            ],
            "index": "pypi",
            "version": "==2.15.0"
        },
        "attrs": {
            "hashes": [
                "sha256:69c0dbf2ed392de1cb5ec704444b08a5ef81680a61cb899dc08127123af36a79",
                "sha256:f0b870f674851ecbfbbbd364d6b5cbdff9dcedbc7f3f5e18a6891057f21fe399"
            ],
            "version": "==19.1.0"
        },
        "avro-python3": {
            "hashes": [
                "sha256:daab2cea71b942a1eb57d700d4a729e9d6cd93284d4dd4d65a378b9f958aa0d2"
            ],
            "index": "pypi",
            "version": "==1.9.1"
        },
        "aws-cdk-core": {
            "hashes": [
                "sha256:3766b3653efa9373348eb8294c667a75f09026206c535ff2e81861d5cc1614a8"
            ],
            "index": "pypi",
            "version": "==1.10.0"
        },
        "aws-cdk.cx-api": {
            "hashes": [
                "sha256:2d42d1af80273519faf9c2974d4ed2f9cd93904070f96a88077e38314ac8f38c",
                "sha256:62b01672a2de3cf43dcbf06331edd25990a083d12aac0d7f12ddb56c89f601e7"
            ],
            "version": "==1.10.0"
        },
        "awscli": {
            "hashes": [
                "sha256:6894c73bafc041f3bef883c731bcc7bb0fe7ff277f9d766efa37249bfc2001d4",
                "sha256:f992907fb4d2072df7ab92faa7e369dda989709295800fe47376fa4ac818162a"
            ],
            "index": "pypi",
            "version": "==1.16.249"
        },
        "botocore": {
            "hashes": [
                "sha256:14ff881779776a5b08e4bb8d7e0cd6ca86e36fc80decc536d605c406fb81c993",
                "sha256:5df4a8f8bb579daed58368d6c15cdd72455bfee7dc86be243e2ef4dff5ba1177"
            ],
            "version": "==1.12.239"
        },
        "cattrs": {
            "hashes": [
                "sha256:2232a568e079f30601de63839f4101283cb594c8719f5311bede25f89d0e09b7",
                "sha256:f1215991553dfa7623ce15861663153348e675c1f316095affef473c804116ba"
            ],
            "version": "==0.9.0"
        },
        "certifi": {
            "hashes": [
                "sha256:e4f3620cfea4f83eedc95b24abd9cd56f3c4b146dd0177e83a21b4eb49e21e50",
                "sha256:fd7c7c74727ddcf00e9acd26bba8da604ffec95bf1c2144e67aff7a8b50e6cef"
            ],
            "index": "pypi",
            "version": "==2019.9.11"
        },
        "chardet": {
            "hashes": [
                "sha256:84ab92ed1c4d4f16916e05906b6b75a6c0fb5db821cc65e70cbd64a3e2a5eaae",
                "sha256:fc323ffcaeaed0e0a02bf4d117757b98aed530d9ed4531e3e15460124c106691"
            ],
            "version": "==3.0.4"
        },
        "colorama": {
            "hashes": [
                "sha256:463f8483208e921368c9f306094eb6f725c6ca42b0f97e313cb5d5512459feda",
                "sha256:48eb22f4f8461b1df5734a074b57042430fb06e1d61bd1e11b078c0fe6d7a1f1"
            ],
            "version": "==0.3.9"
        },
        "confluent-kafka": {
            "hashes": [
                "sha256:04c99abcf963a58a15cff2a3b1d248e7b54fd38a8991684f90f5d6ab5b29634d",
                "sha256:0e30bb1a26869e18d164fc3d3ce0dc444a2791e34015b0fea7207fb6c4bf3338",
                "sha256:109b5741c5c2d6379376d4643b3fd1d5b1df4ebcb5588a27df938e50e3840e9f",
                "sha256:26e38b3f86ed02913c3cd0e64a998a9adce111c242632a4edb47b191c443b0fe",
                "sha256:3c8346c3e3e1d60c162143f3356166288c02eb2526319b9dfbfcd32195ebf09b",
                "sha256:414afcc7f591f9b35d4093a7e5bbc1eed156cb6a1c05722eff000f43ab0eef3a",
                "sha256:57c825c8dc67a8eaa64bd8bbc98f70014151b1ed8910c5e3c3344d50ad591761",
                "sha256:592ccd3f1fe7422383ecbff308116017ed9df751ee3ab59ea9dab55b34c376e7",
                "sha256:59dd67f1379774dacda1ca827850468464fde03929500ce41824e9edcd94fc8d",
                "sha256:5dfd8202151a9a1c73371a56b8813b47e3659ebeb83c2012fc825d26bef7be43",
                "sha256:5ead6826ccbd9ca49d733e23a5a95474bfe6a43bd3cbc0375a4172fb44e687d1",
                "sha256:6a397e39a4e202db4a16b1f1b16ef5c8fb3e9c86c3f60a92d74527b6cdee4839",
                "sha256:6d0e1945bab6c16e789e7f45e59bb756dc1ad2edb36a4fa95138bd69c2b37cfd",
                "sha256:79bfebdd0616938657727b8e8eba2b7b888d611d816824ca0593c09eae62d433",
                "sha256:868e1c1fbaa24599a9f7b3653635cb2d0c33c468d27bfa4abae0ebc1dfe702b4",
                "sha256:8e6b5ea15488aee7fb254db8806dee15411332d6465e4933f87b2d25a8500461",
                "sha256:970da6d54686adc5719293c3103bf15f89cd04ec6d8c2a4fda0448f9def9c8da",
                "sha256:a141937a704151a6cdbd4106c0d2a7e599efcc4f0aa2bd7ab1ad7443913cc2eb",
                "sha256:a4427436f0afcad7160bb2f8adc3fab1e9f7e964ccc80f097070a520b7dc5241",
                "sha256:a6d17c57d4447823473c58f87e0385654777c2399e398b6625996636d4c209ad",
                "sha256:a7dc48f22f98944919c0607aef27896ba69265f12ce8c5e7379075cada1c7acf",
                "sha256:ad45adb6d26b9da529c123402a4f00bd0bb9d544782aadcded0c2e058015131a",
                "sha256:c2fe8f1e242aa20dc5534c2d49d3e15fe2766ba7db023815e65fdfaa2f830bc4",
                "sha256:c6ab551f52eba2da1895b293f3b970d625b756247b3f969f6d35e76c17f4423a",
                "sha256:e292f7c129a8b61ad03441afd033dc8166b8cabad2e7be7cb6c8792e9950560b",
                "sha256:fb43135b57b5b8f7721f7f16f1a232abc2bb2dde3349c6ae282fc7e38492d7b4"
            ],
            "index": "pypi",
            "version": "==1.2.0"
        },
        "crcmod": {
            "hashes": [
                "sha256:dc7051a0db5f2bd48665a990d3ec1cc305a466a77358ca4492826f41f283601e"
            ],
            "version": "==1.7"
        },
        "dill": {
            "hashes": [
                "sha256:f6d6046f9f9195206063dd0415dff185ad593d6ee8b0e67f12597c0f4df4986f"
            ],
            "version": "==0.2.9"
        },
        "docopt": {
            "hashes": [
                "sha256:49b3a825280bd66b3aa83585ef59c4a8c82f2c8a522dbe754a8bc8d08c85c491"
            ],
            "version": "==0.6.2"
        },
        "docutils": {
            "hashes": [
                "sha256:6c4f696463b79f1fb8ba0c594b63840ebd41f059e92b31957c46b74a4599b6d0",
                "sha256:9e4d7ecfc600058e07ba661411a2b7de2fd0fafa17d1a7f7361cd47b1175c827",
                "sha256:a2aeea129088da402665e92e0b25b04b073c04b2dce4ab65caaa38b7ce2e1a99"
            ],
            "version": "==0.15.2"
        },
        "fastavro": {
            "hashes": [
                "sha256:060318a74998ed3da2c1716c8caec65b17538907a5cabccbe8a013ce3f39b309",
                "sha256:09eece85856dc6072f3e1642bc17acb0c735444a12c3bb0945d3621919d66adf",
                "sha256:0a1490b2ce7103de69bf8ef5d6b9d2e793a65fce69e189f71ffe0aa68bb14dc8",
                "sha256:25c5e1871fb82795f138aa209ca89cac940b80bf36fc644615354028bfd87638",
                "sha256:46db01aa4366f2d57241e9ea6ac2d5f5432cf7f3f9ce061e93cab6827843e14b",
                "sha256:4d34ad490769d3ecf26ceec50dcfb78a8e63fc156326c6ac6281d99096ffcfff",
                "sha256:53833334d669fd2600184dcc9e12725ad4fb7d8934a5ff8f91bfd730373490c8",
                "sha256:58537507bb4307c1e5af7c95623893841a34dc3ddbaa3f03505d13ec5e605cd5",
                "sha256:7934a9c69bd0f4e627f56fec06a74d7fa328bf3d426bfc839e8c225c39d18a30",
                "sha256:7a9dd16c56de6519cbc3f1ca42144740b9ec68f0a2002fa5624fac9804e7f76c",
                "sha256:7ac9bcf6e1226393d6db163f33ab5915e98ebf867fdab8f6239dc15c26f474da",
                "sha256:893444166791e7692bf1c710aff375e57a2406e4122e0a3eeb3eac4c7a80f592",
                "sha256:89a84322f0e59dadf98fa646d25e1fee22e7b7b5361cd1d58fb651f8f5c4c848",
                "sha256:9b2860e5a20c36b42dba87fad925af269ebee51478ccf60deda91fb9a54042bf",
                "sha256:aca98476caf95371cdf3e140616d7ac6b0eb32d06d8b09a93746ff90a85623a4",
                "sha256:ae09b2a29fdd7a4c785e9208248b79931a5be631f6bb58629512afac02fe7dce",
                "sha256:c466e72b17efcea18d01ff8c006e2c63dea660fe9a0a27c4b8a8263101b57e51",
                "sha256:ed6564e60d1daf43885d1d33f54e8d3b70e8f8132f923eb49b2ba9580bfdbf4f"
            ],
            "version": "==0.21.24"
        },
        "future": {
            "hashes": [
                "sha256:67045236dcfd6816dc439556d009594abf643e5eb48992e36beac09c2ca659b8"
            ],
            "version": "==0.17.1"
        },
        "grpcio": {
            "hashes": [
                "sha256:0337debec20fe385bcd49048d6917270efbc17a5119857466559b4db91f8995b",
                "sha256:164f82a99e08797ea786283b66b45ebe76772d321577d1674ba6fe0200155892",
                "sha256:172dfba8d9621048c2cbc1d1cf7a02244e9a9a8cff5bb79bb30bcb0c13c7fd31",
                "sha256:18f4b536d8a9cfa15b3214e0bb628071def94160699e91798f0a954c3b2db88d",
                "sha256:2283b56bda49b068b0f08d006fffc7dd46eae72322f1a5dec87fc9c218f1dc2d",
                "sha256:26b33f488a955bf49262d2ce3423d3a8174108506d8f819e8150aca21bdd3b99",
                "sha256:31cc9b6f70bdd0d9ff53df2d563ea1fb278601d5c625932d8a82d03b08ff3de0",
                "sha256:37dd8684fbc2bc00766ae6784bcbd7f874bc96527636a341411db811d04ff650",
                "sha256:424c01189ef51a808669f020368b01204e0f1fa0bf2adab7c8d0d13166f92e9e",
                "sha256:431c099f20a1f1d97def98f87bb74fa752e8819c2bab23d79089353aed1acc9b",
                "sha256:4c2f1d0b27bcef301e5d5c1da05ffd7d174f807f61889c006b8e708b16bc978e",
                "sha256:59b8d738867b59c5daaff5df242b5f3f9c58b47862f603c6ee530964b897b69b",
                "sha256:8d4f1ee2a67cf8f792d4fc9b8c7bb2148174e838d935f175653aec234752828b",
                "sha256:97ab9e35b47bda0441332204960f95c1169c55ec8e989381bedd32bdb9f78b05",
                "sha256:9cf93e185507bfdaa7ed45a90049bd3f1ed3f6357ad3772b31e993ff723cf67d",
                "sha256:a5a81472c0ca6181492b9291c316ff60c6c94dd3f21c1e8c481f21923d899af0",
                "sha256:aaa1feb0fdd094af6db0a16cbd446ed94285a50e320aede5971152d9ea022df8",
                "sha256:b36bf4408f8400ee9ab13ff129e71f2e4c72ce2d8886b744aeab77ce50a55cf6",
                "sha256:bb345f7e98b38a2c1ef33ff1145687234f78dfeedf308b41b3e41f4b42eba099",
                "sha256:c13ae15695e0eb4ba2db920d6a197171d2398c675afa4f27460b6381d20a6884",
                "sha256:c4a233a00cc5b64543e97733902151bc6738396931b3c166aad03a3aaadbd479",
                "sha256:c521c5f8a95baabba69c68dd0f5e34f37c8adf1a9691f9884dba3eab4ebadc29",
                "sha256:c772edd094fe3e54d6d54fdecb90c51cb8d07b55e9c1cda2d33e9615e33d07e8",
                "sha256:cebfba6542855403b29e4bc95bbcd5ab444f21137b440f2fb7c7925ca0e55bfd",
                "sha256:d7490e013c4bad3e8db804fc6483b47125dc8df0ebcfd6e419bd25df35025301",
                "sha256:dfb6063619f297cbd22c67530d7465d98348b35d0424bbc1756b36c5ef9f99d4",
                "sha256:e80a15b48a66f35c7c33db2a7df4034a533b362269d0e60e0036e23f14bac7b5",
                "sha256:ea444fa1c1ec4f8d2ce965bb01e06148ef9ceb398fb2f627511d50f137eac35b",
                "sha256:ec986cbf8837a49f9612cc1cfc2a8ccb54875cfce5355a121279de35124ea1db",
                "sha256:fb641df6de8c4a55c784c24d334d53096954d9b30679d3ce5eb6a4d25c1020a3",
                "sha256:fb88bd791c8efbcb36de12f0aa519ceec0b7806d3decff16e412e097d4725d44",
                "sha256:ffa1be3d566a9cbd21a5f2d95fd9262ec6c337c499291bfeb51547b8de18942e"
            ],
            "version": "==1.24.0"
        },
        "hdfs": {
            "hashes": [
                "sha256:1be117549fc1285571bc51aedc15df5a203138dba02f9adfa26761b69a949370"
            ],
            "version": "==2.5.8"
        },
        "httplib2": {
            "hashes": [
                "sha256:f61fb838a94ce3b349aa32c92fd8430f7e3511afdb18bf9640d647e30c90a6d6"
            ],
            "version": "==0.12.0"
        },
        "idna": {
            "hashes": [
                "sha256:c357b3f628cf53ae2c4c05627ecc484553142ca23264e593d327bcde5e9c3407",
                "sha256:ea8b7f6188e6fa117537c3df7da9fc686d485087abf6ac197f9c46432f7e4a3c"
            ],
            "version": "==2.8"
        },
        "jmespath": {
            "hashes": [
                "sha256:3720a4b1bd659dd2eecad0666459b9788813e032b83e7ba58578e48254e0a0e6",
                "sha256:bde2aef6f44302dfb30320115b17d030798de8c4110e28d5cf6cf91a7a31074c"
            ],
            "version": "==0.9.4"
        },
        "jsii": {
            "hashes": [
                "sha256:9450d3aa1949f8269f201fd7bb6f848d9fc7078dd2f537c054b8498e97ea4621",
                "sha256:fdf97f5b70e529ea19a2a138b5c8ab48704696b265dc7a26cd967cf60a738fca"
            ],
            "version": "==0.17.1"
        },
        "mock": {
            "hashes": [
                "sha256:5ce3c71c5545b472da17b72268978914d0252980348636840bd34a00b5cc96c1",
                "sha256:b158b6df76edd239b8208d481dc46b6afd45a846b7812ff0ce58971cf5bc8bba"
            ],
            "version": "==2.0.0"
        },
        "numpy": {
            "hashes": [
                "sha256:05dbfe72684cc14b92568de1bc1f41e5f62b00f714afc9adee42f6311738091f",
                "sha256:0d82cb7271a577529d07bbb05cb58675f2deb09772175fab96dc8de025d8ac05",
                "sha256:10132aa1fef99adc85a905d82e8497a580f83739837d7cbd234649f2e9b9dc58",
                "sha256:12322df2e21f033a60c80319c25011194cd2a21294cc66fee0908aeae2c27832",
                "sha256:16f19b3aa775dddc9814e02a46b8e6ae6a54ed8cf143962b4e53f0471dbd7b16",
                "sha256:3d0b0989dd2d066db006158de7220802899a1e5c8cf622abe2d0bd158fd01c2c",
                "sha256:438a3f0e7b681642898fd7993d38e2bf140a2d1eafaf3e89bb626db7f50db355",
                "sha256:5fd214f482ab53f2cea57414c5fb3e58895b17df6e6f5bca5be6a0bb6aea23bb",
                "sha256:73615d3edc84dd7c4aeb212fa3748fb83217e00d201875a47327f55363cef2df",
                "sha256:7bd355ad7496f4ce1d235e9814ec81ee3d28308d591c067ce92e49f745ba2c2f",
                "sha256:7d077f2976b8f3de08a0dcf5d72083f4af5411e8fddacd662aae27baa2601196",
                "sha256:a4092682778dc48093e8bda8d26ee8360153e2047826f95a3f5eae09f0ae3abf",
                "sha256:b458de8624c9f6034af492372eb2fee41a8e605f03f4732f43fc099e227858b2",
                "sha256:e70fc8ff03a961f13363c2c95ef8285e0cf6a720f8271836f852cc0fa64e97c8",
                "sha256:ee8e9d7cad5fe6dde50ede0d2e978d81eafeaa6233fb0b8719f60214cf226578",
                "sha256:f4a4f6aba148858a5a5d546a99280f71f5ee6ec8182a7d195af1a914195b21a2"
            ],
            "version": "==1.17.2"
        },
        "oauth2client": {
            "hashes": [
                "sha256:5b5b056ec6f2304e7920b632885bd157fa71d1a7f3ddd00a43b1541a8d1a2460"
            ],
            "version": "==3.0.0"
        },
        "pbr": {
            "hashes": [
                "sha256:2c8e420cd4ed4cec4e7999ee47409e876af575d4c35a45840d59e8b5f3155ab8",
                "sha256:b32c8ccaac7b1a20c0ce00ce317642e6cf231cf038f9875e0280e28af5bf7ac9"
            ],
            "version": "==5.4.3"
        },
        "protobuf": {
            "hashes": [
                "sha256:26c0d756c7ad6823fccbc3b5f84c619b9cc7ac281496fe0a9d78e32023c45034",
                "sha256:3200046e4d4f6c42ed66257dbe15e2e5dc76072c280e9b3d69dc8f3a4fa3fbbc",
                "sha256:368f1bae6dd22d04fd2254d30cd301863408a96ff604422e3ddd8ab601f095a4",
                "sha256:3902fa1920b4ef9f710797496b309efc5ccd0faeba44dc82ed6a711a244764a0",
                "sha256:3a7a8925ba6481b9241cdb5d69cd0b0700f23efed6bb691dc9543faa4aa25d6f",
                "sha256:4bc33d49f43c6e9916fb56b7377cb4478cbf25824b4d2bedfb8a4e3df31c12ca",
                "sha256:568b434a36e31ed30d60d600b2227666ce150b8b5275948f50411481a4575d6d",
                "sha256:5c393cd665d03ce6b29561edd6b0cc4bcb3fb8e2a7843e8f223d693f07f61b40",
                "sha256:80072e9ba36c73cf89c01f669c7b123733fc2de1780b428082a850f53cc7865f",
                "sha256:843f498e98ad1469ad54ecb4a7ccf48605a1c5d2bd26ae799c7a2cddab4a37ec",
                "sha256:aa45443035651cbfae74c8deb53358ba660d8e7a5fbab3fc4beb33fb3e3ca4be",
                "sha256:aaab817d9d038dd5f56a6fb2b2e8ae68caf1fd28cc6a963c755fa73268495c13",
                "sha256:e6f68b9979dc8f75299293d682f67fecb72d78f98652da2eeb85c85edef1ca94",
                "sha256:e7366cabddff3441d583fdc0176ab42eba4ee7090ef857d50c4dd59ad124003a",
                "sha256:f0144ad97cd28bfdda0567b9278d25061ada5ad2b545b538cd3577697b32bda3",
                "sha256:f655338491481f482042f19016647e50365ab41b75b486e0df56e0dcc425abf4"
            ],
            "version": "==3.9.2"
        },
        "publication": {
            "hashes": [
                "sha256:0248885351febc11d8a1098d5c8e3ab2dabcf3e8c0c96db1e17ecd12b53afbe6",
                "sha256:68416a0de76dddcdd2930d1c8ef853a743cc96c82416c4e4d3b5d901c6276dc4"
            ],
            "version": "==0.0.3"
        },
        "pyarrow": {
            "hashes": [
                "sha256:00681c4313ea70e2910e9488863c20e9b4816bca4421c4f796b78d92c90097da",
                "sha256:0d2e994419677740b0c096fb36fe914875ea223085430c20e5110802a4fbe606",
                "sha256:1a90a10b056eb74646aa7b6eecef7adf872d120d33d70da67d984eb39cc51072",
                "sha256:257816a2a292485d14d16fdd7f0a6ab3db29f62b5e6cfa09f7de64394d79103d",
                "sha256:33c9267395ea10cb3f917417e383ffaf217bab6d27007003f67000ed9302a430",
                "sha256:344f65f4860b061e30bbb85f6ed06666c19cf05a8129a2e272ca727299de7a53",
                "sha256:35ab34c6493c78f2f4c9583765445791c512241a282cd05e5666faa306428080",
                "sha256:4d696b1a4c177c32e75bd5e1819ad3d10c55f66133f50bf3e7261cc4c1dc603d",
                "sha256:556f5ce600172aee1521a6e25ac78563f17d265a587c76981dd52f8e1823761d",
                "sha256:96b9c9e81024200ff9bf57647d0c90207f2454125e6381c47bc6de36b6a56f4d",
                "sha256:9be234670bc6f7ffe709956e3e598ae84dfc4a01fa6d70c142756da42397787d",
                "sha256:a2c6e93ef381a874d4ab41429078604cbcb1f458166f904e53e8001096fbb5c4",
                "sha256:d965b0ec26d3909bdee04a2c122e8e8fd73ea9842edbe8858e799b7a5c0fba40",
                "sha256:fe144bbb7ab437d3f2503f28ef36e5430210096860320ca539593a71033c1a0c"
            ],
            "markers": "python_version >= '3.0' or platform_system != 'Windows'",
            "version": "==0.14.1"
        },
        "pyasn1": {
            "hashes": [
                "sha256:62cdade8b5530f0b185e09855dd422bc05c0bbff6b72ff61381c09dac7befd8c",
                "sha256:a9495356ca1d66ed197a0f72b41eb1823cf7ea8b5bd07191673e8147aecf8604"
            ],
            "version": "==0.4.7"
        },
        "pyasn1-modules": {
            "hashes": [
                "sha256:43c17a83c155229839cc5c6b868e8d0c6041dba149789b6d6e28801c64821722",
                "sha256:e30199a9d221f1b26c885ff3d87fd08694dbbe18ed0e8e405a2a7126d30ce4c0"
            ],
            "version": "==0.2.6"
        },
        "pydot": {
            "hashes": [
                "sha256:67be714300c78fda5fd52f79ec994039e3f76f074948c67b5ff539b433ad354f",
                "sha256:d49c9d4dd1913beec2a997f831543c8cbd53e535b1a739e921642fe416235f01"
            ],
            "version": "==1.4.1"
        },
        "pymongo": {
            "hashes": [
                "sha256:09f8196e1cb081713aa3face08d1806dc0a5dd64cb9f67fefc568519253a7ff2",
                "sha256:1be549c0ce2ba8242c149156ae2064b12a5d4704448d49f630b4910606efd474",
                "sha256:1f9fe869e289210250cba4ea20fbd169905b1793e1cd2737f423e107061afa98",
                "sha256:3653cea82d1e35edd0a2355150daf8a27ebf12cf55182d5ad1046bfa288f5140",
                "sha256:4249c6ba45587b959292a727532826c5032d59171f923f7f823788f413c2a5a3",
                "sha256:4ff8f5e7c0a78983c1ee07894fff1b21c0e0ad3a122d9786cc3745fd60e4a2ce",
                "sha256:56b29c638ab924716b48a3e94e3d7ac00b04acec1daa8190c36d61fc714c3629",
                "sha256:56ec9358bbfe5ae3b25e785f8a14619d6799c855a44734c9098bb457174019bf",
                "sha256:5dca250cbf1183c3e7b7b18c882c2b2199bfb20c74c4c68dbf11596808a296da",
                "sha256:61101d1cc92881fac1f9ac7e99b033062f4c210178dc33193c8f5567feecb069",
                "sha256:86624c0205a403fb4fbfedef79c5b4ab27e21fd018fdb6a27cf03b3c32a9e2b9",
                "sha256:88ac09e1b197c3b4531e43054d49c022a3ea1281431b2f4980abafa35d2a5ce2",
                "sha256:8b0339809b12ea292d468524dd1777f1a9637d9bdc0353a9261b88f82537d606",
                "sha256:93dbf7388f6bf9af48dbb32f265b75b3dbc743a7a2ce98e44c88c049c58d85d3",
                "sha256:9b705daec636c560dd2d63935f428a6b3cddfe903fffc0f349e0e91007c893d6",
                "sha256:a090a819fe6fefadc2901d3911c07c76c0935ec5c790a50e9f3c3c47bacd5978",
                "sha256:a102b346f1921237eaa9a31ee89eda57ad3c3973d79be3a456d92524e7df8fec",
                "sha256:a13363869f2f36291d6367069c65d51d7b8d1b2fb410266b0b6b1f3c90d6deb0",
                "sha256:a409a43c76da50881b70cc9ee70a1744f882848e8e93a68fb434254379777fa3",
                "sha256:a76475834a978058425b0163f1bad35a5f70e45929a543075633c3fc1df564c5",
                "sha256:ad474e93525baa6c58d75d63a73143af24c9f93c8e26e8d382f32c4da637901a",
                "sha256:b268c7fa03ac77a8662fab3b2ab0be4beecb82f60f4c24b584e69565691a107f",
                "sha256:cca4e1ab5ba0cd7877d3938167ee8ae9c2986cc0e10d3dcc3243d664d3a83fec",
                "sha256:cef61de3f0f4441ec40266ff2ab42e5c16eaba1dc1fc6e1036f274621c52adc1",
                "sha256:e28153b5d5ca33d4ba0c3bbc0e1ff161b9016e5e5f3f8ca10d6fa49106eb9e04",
                "sha256:f30d7b37804daf0bab1143abc71666c630d7e270f5c14c5a7c300a6699c21108",
                "sha256:f70f0133301cccf9bfd68fd20f67184ef991be578b646e78441106f9e27cc44d",
                "sha256:fa75c21c1d82f20cce62f6fc4a68c2b0f33572ab406df1b17cd77a947d0b2993"
            ],
            "version": "==3.9.0"
        },
        "pyparsing": {
            "hashes": [
                "sha256:6f98a7b9397e206d78cc01df10131398f1c8b8510a2f4d97d9abd82e1aacdd80",
                "sha256:d9338df12903bbf5d65a0e4e87c2161968b10d2e489652bb47001d82a9b028b4"
            ],
            "version": "==2.4.2"
        },
        "python-dateutil": {
            "hashes": [
                "sha256:7e6584c74aeed623791615e26efd690f29817a27c73085b78e4bad02493df2fb",
                "sha256:c89805f6f4d64db21ed966fda138f8a5ed7a4fdbc1a8ee329ce1b74e3c74da9e"
            ],
            "markers": "python_version >= '2.7'",
            "version": "==2.8.0"
        },
        "pytz": {
            "hashes": [
                "sha256:26c0b32e437e54a18161324a2fca3c4b9846b74a8dccddd843113109e1116b32",
                "sha256:c894d57500a4cd2d5c71114aaab77dbab5eabd9022308ce5ac9bb93a60a6f0c7"
            ],
            "version": "==2019.2"
        },
        "pyyaml": {
            "hashes": [
                "sha256:3d7da3009c0f3e783b2c873687652d83b1bbfd5c88e9813fb7e5b03c0dd3108b",
                "sha256:3ef3092145e9b70e3ddd2c7ad59bdd0252a94dfe3949721633e41344de00a6bf",
                "sha256:40c71b8e076d0550b2e6380bada1f1cd1017b882f7e16f09a65be98e017f211a",
                "sha256:558dd60b890ba8fd982e05941927a3911dc409a63dcb8b634feaa0cda69330d3",
                "sha256:a7c28b45d9f99102fa092bb213aa12e0aaf9a6a1f5e395d36166639c1f96c3a1",
                "sha256:aa7dd4a6a427aed7df6fb7f08a580d68d9b118d90310374716ae90b710280af1",
                "sha256:bc558586e6045763782014934bfaf39d48b8ae85a2713117d16c39864085c613",
                "sha256:d46d7982b62e0729ad0175a9bc7e10a566fc07b224d2c79fafb5e032727eaa04",
                "sha256:d5eef459e30b09f5a098b9cea68bebfeb268697f78d647bd255a085371ac7f3f",
                "sha256:e01d3203230e1786cd91ccfdc8f8454c8069c91bee3962ad93b87a4b2860f537",
                "sha256:e170a9e6fcfd19021dd29845af83bb79236068bf5fd4df3327c1be18182b2531"
            ],
            "markers": "python_version != '2.6'",
            "version": "==3.13"
        },
        "requests": {
            "hashes": [
                "sha256:11e007a8a2aa0323f5a921e9e6a2d7e4e67d9877e85773fba9ba6419025cbeb4",
                "sha256:9cf5292fcd0f598c671cfc1e0d7d1a7f13bb8085e9a590f48c010551dc6c4b31"
            ],
            "version": "==2.22.0"
        },
        "rsa": {
            "hashes": [
                "sha256:25df4e10c263fb88b5ace923dd84bf9aa7f5019687b5e55382ffcdb8bede9db5",
                "sha256:43f682fea81c452c98d09fc316aae12de6d30c4b5c84226642cf8f8fd1c93abd"
            ],
            "version": "==3.4.2"
        },
        "s3transfer": {
            "hashes": [
                "sha256:6efc926738a3cd576c2a79725fed9afde92378aa5c6a957e3af010cb019fac9d",
                "sha256:b780f2411b824cb541dbcd2c713d0cb61c7d1bcadae204cdddda2b35cef493ba"
            ],
            "version": "==0.2.1"
        },
        "six": {
            "hashes": [
                "sha256:3350809f0555b11f552448330d0b52d5f24c91a322ea4a15ef22629740f3761c",
                "sha256:d16a0141ec1a18405cd4ce8b4613101da75da0e9a7aec5bdd4fa804d0e0eba73"
            ],
            "version": "==1.12.0"
        },
        "typing-extensions": {
            "hashes": [
                "sha256:2ed632b30bb54fc3941c382decfd0ee4148f5c591651c9272473fea2c6397d95",
                "sha256:b1edbbf0652660e32ae780ac9433f4231e7339c7f9a8057d0f042fcbcea49b87",
                "sha256:d8179012ec2c620d3791ca6fe2bf7979d979acdbef1fca0bc56b37411db682ed"
            ],
            "version": "==3.7.4"
        },
        "urllib3": {
            "hashes": [
                "sha256:3de946ffbed6e6746608990594d08faac602528ac7015ac28d33cee6a45b7398",
                "sha256:9a107b99a5393caf59c7aa3c1249c16e6879447533d0887f4336dde834c7be86"
            ],
            "markers": "python_version >= '3.4'",
            "version": "==1.25.6"
        }
    },
    "develop": {}
}
